{
  "version": "2",
  "remote": {
    "https://deno.land/std@0.176.0/encoding/hex.ts": "50f8c95b52eae24395d3dfcb5ec1ced37c5fe7610ef6fffdcc8b0fdc38e3b32f",
    "https://deno.land/std@0.176.0/fmt/colors.ts": "938c5d44d889fb82eff6c358bea8baa7e85950a16c9f6dae3ec3a7a729164471",
    "https://deno.land/std@0.176.0/testing/_diff.ts": "1a3c044aedf77647d6cac86b798c6417603361b66b54c53331b312caeb447aea",
    "https://deno.land/std@0.176.0/testing/_format.ts": "a69126e8a469009adf4cf2a50af889aca364c349797e63174884a52ff75cf4c7",
    "https://deno.land/std@0.176.0/testing/asserts.ts": "984ab0bfb3faeed92ffaa3a6b06536c66811185328c5dd146257c702c41b01ab",
    "https://esm.sh/@preact/signals@1.2.1": "3784f71be94d1bc22978edc9cd0045b9dee17444c36b941909fe7ad4d1ae091a",
    "https://esm.sh/preact@10.11.3": "ad3c24796c4132c84b4b392f812228d53a0fd600fa64648f27aebd05ec09b24e",
    "https://esm.sh/stable/preact@10.11.3/denonext/preact.mjs": "c828d9020ea26f07ba07b2f0a3ef97fd7ceb1c2a772c380ca05e2647ac8d3923",
    "https://esm.sh/stable/preact@10.17.1/denonext/hooks.js": "94d145427fa80ea3b1667e694638518f15eab9523bc7db6cb99a1b88edab39bf",
    "https://esm.sh/stable/preact@10.17.1/denonext/preact.mjs": "0f2f159289b4502eea839f4b57cef910ad03d63213ac5301e6767326b060d8f6",
    "https://esm.sh/twind@0.16.16": "36d4bf5244664242e59292ef1076e4220e3dbeca933d46c1c26471927d6a9356",
    "https://esm.sh/v132/@preact/signals-core@1.4.0/denonext/signals-core.mjs": "be3db12ec548198be64192e9dd6c89de76d4cb5b363c04bb24cd4008af69aaa4",
    "https://esm.sh/v132/@preact/signals@1.2.1/denonext/signals.mjs": "cdf6874cc390541c39d3ceb55ae0b9f8909093f7acfc909510a731388db3cb4c",
    "https://esm.sh/v132/style-vendorizer@2.2.3/denonext/style-vendorizer.mjs": "121455e7b04b631ef6463ce63cdcd29febd74d88c37713c774ceca8a1561c83d",
    "https://esm.sh/v132/twind@0.16.16/denonext/twind.mjs": "339383caa7e65e597b8bb7a9dd2a79af80ae15be47632f21394ee4fc35ffd6a8",
    "https://raw.githubusercontent.com/BlowaterNostr/csp/master/csp.ts": "3e8eed3d933748d48c83e2ae583bf86748621bcd6e8f181bef8a6ae8e5a4bfac",
    "https://unpkg.com/dexie@3.2.3/dist/modern/dexie.mjs": "63f0ed30a7ac5698fe88152899fd526ac1294067dc28283505151b436c2ee1ba"
  }
}
