{
  "version": "2",
  "remote": {
    "https://deno.land/std@0.176.0/encoding/hex.ts": "50f8c95b52eae24395d3dfcb5ec1ced37c5fe7610ef6fffdcc8b0fdc38e3b32f",
    "https://deno.land/std@0.176.0/fmt/colors.ts": "938c5d44d889fb82eff6c358bea8baa7e85950a16c9f6dae3ec3a7a729164471",
    "https://deno.land/std@0.176.0/testing/_diff.ts": "1a3c044aedf77647d6cac86b798c6417603361b66b54c53331b312caeb447aea",
    "https://deno.land/std@0.176.0/testing/_format.ts": "a69126e8a469009adf4cf2a50af889aca364c349797e63174884a52ff75cf4c7",
    "https://deno.land/std@0.176.0/testing/asserts.ts": "984ab0bfb3faeed92ffaa3a6b06536c66811185328c5dd146257c702c41b01ab",
    "https://raw.githubusercontent.com/BlowaterNostr/csp/master/csp.ts": "3e8eed3d933748d48c83e2ae583bf86748621bcd6e8f181bef8a6ae8e5a4bfac",
    "https://raw.githubusercontent.com/BlowaterNostr/nostr.ts/main/ende.ts": "00807d3602a65d5a6881c8fbb01d6886bf7a6640a2cc5c7c1bf00dd00b320ae7",
    "https://raw.githubusercontent.com/BlowaterNostr/nostr.ts/main/key.ts": "1830bb6eded80c71aeae6a94ce921dbf09fcdf4820a3b846f8e8d9e23ce17119",
    "https://raw.githubusercontent.com/BlowaterNostr/nostr.ts/main/nostr.ts": "6d4b0bde3978bdc3d6cdc802a6f51e2391cb7257cac3aa80a6e70212b11b18a1",
    "https://raw.githubusercontent.com/BlowaterNostr/nostr.ts/main/scure.js": "fbc4be16918272bd167fff1184a7f5bbd1a676bad2a73130bb530d78df893a99",
    "https://raw.githubusercontent.com/BlowaterNostr/nostr.ts/main/vendor/esm.sh/v106/@noble/secp256k1@1.7.1/es2022/secp256k1.js": "69e32f6c686cc651ff2e6d4d22ed6e9b6f86b38311b405b47b2abdf3cb98eb4d"
  }
}
