{
  "version": "3",
  "packages": {
    "specifiers": {
      "npm:@types/node": "npm:@types/node@18.16.19"
    },
    "npm": {
      "@types/node@18.16.19": {
        "integrity": "sha512-IXl7o+R9iti9eBW4Wg2hx1xQDig183jj7YLn8F7udNceyfkbn1ZxmzZXuak20gR40D7pIkIY1kYGx5VIGbaHKA==",
        "dependencies": {}
      }
    }
  },
  "remote": {
    "https://deno.land/std@0.176.0/encoding/hex.ts": "50f8c95b52eae24395d3dfcb5ec1ced37c5fe7610ef6fffdcc8b0fdc38e3b32f",
    "https://deno.land/std@0.176.0/fmt/colors.ts": "938c5d44d889fb82eff6c358bea8baa7e85950a16c9f6dae3ec3a7a729164471",
    "https://deno.land/std@0.176.0/testing/_diff.ts": "1a3c044aedf77647d6cac86b798c6417603361b66b54c53331b312caeb447aea",
    "https://deno.land/std@0.176.0/testing/_format.ts": "a69126e8a469009adf4cf2a50af889aca364c349797e63174884a52ff75cf4c7",
    "https://deno.land/std@0.176.0/testing/asserts.ts": "984ab0bfb3faeed92ffaa3a6b06536c66811185328c5dd146257c702c41b01ab",
    "https://esm.sh/@noble/hashes@1.3.2/utils": "c2c028cdbe5d9e7e5d56c04a840648014878c0eb925b1295db641a0604f950e9",
    "https://esm.sh/@scure/bip32@1.3.2": "e34e4fc126aae27d1240b47dc9eeb21f90cbdf2bf934ad913972d7ae4e4322ca",
    "https://esm.sh/@scure/bip39@1.2.1": "39bcfc78511d498cad35fcc5b223b0382b7e6d5d58e1c83fc5caf57ae7ba8a22",
    "https://esm.sh/@scure/bip39@1.2.1/wordlists/english": "5d40bbc0c40d0a77832642058a6f20fc75850f76cdd5815cf9ddc52fd1a810a9",
    "https://esm.sh/dexie@3.2.4": "8a67aeec636bf8dca3153c61ee7f986de0f5c54c14da818544f60fcd591434bf",
    "https://esm.sh/preact@10.11.3": "ad3c24796c4132c84b4b392f812228d53a0fd600fa64648f27aebd05ec09b24e",
    "https://esm.sh/preact@10.17.1": "d9d10d95cd047fd2c26bb68e760a87d3747fafc64a1e54049095682c69c7491a",
    "https://esm.sh/stable/preact@10.11.3/denonext/preact.mjs": "c828d9020ea26f07ba07b2f0a3ef97fd7ceb1c2a772c380ca05e2647ac8d3923",
    "https://esm.sh/stable/preact@10.17.1/denonext/preact.mjs": "0f2f159289b4502eea839f4b57cef910ad03d63213ac5301e6767326b060d8f6",
    "https://esm.sh/twind@0.16.16": "9815a13c0b3391956f21f6847385c4922b4a706361b7ec5e4e7e11352cda47c3",
    "https://esm.sh/v132/@noble/curves@1.2.0/denonext/abstract/modular.js": "1992c60dd7449f193bda45b845926a5542f4d414200c3467b24a837fc5687398",
    "https://esm.sh/v132/@noble/curves@1.2.0/denonext/secp256k1.js": "154b1dad5fb9e78de1ae54de4145691d06a36952d937ae9e8fdfaba8afea99af",
    "https://esm.sh/v132/@noble/hashes@1.3.2/denonext/_assert.js": "8b3fcc3a8d18f25fded5ecb46250f2009f11e0586b0e1e33757d12b6d1b05591",
    "https://esm.sh/v132/@noble/hashes@1.3.2/denonext/crypto.js": "fe9ca00625a5f0b89775b108898c1d25ad6a6d18525d60eafd81519f85bf72c3",
    "https://esm.sh/v132/@noble/hashes@1.3.2/denonext/hmac.js": "944adf46d42a724e5a3bdeb121931e6bf80753f8eb0beaf3c793cf2628931773",
    "https://esm.sh/v132/@noble/hashes@1.3.2/denonext/pbkdf2.js": "576cd34fc55a31918bcb370958fa0148c5e6fb8ee1e4095f9062b893dbd6e118",
    "https://esm.sh/v132/@noble/hashes@1.3.2/denonext/ripemd160.js": "9275a235171f4a7b61a7eccaed0c70cc8f3328387de0e6f103ec985389802a44",
    "https://esm.sh/v132/@noble/hashes@1.3.2/denonext/sha256.js": "81a81c347b04383297166beaee6b7189bc2fe0317d98492b3aa9eadd9d46dc8d",
    "https://esm.sh/v132/@noble/hashes@1.3.2/denonext/sha512.js": "24df107d28bd51c98f5492aa6605eccec0aa063983150883a6710341f0771004",
    "https://esm.sh/v132/@noble/hashes@1.3.2/denonext/utils.js": "77eba4813ffcc5057e07cdc983f9b545451aeb6cab34cef39d046ae7fde0c78a",
    "https://esm.sh/v132/@scure/base@1.1.3/denonext/base.mjs": "fc5767d26d69892e42ff5687cf1e4f943c4ec6ad429893af638298e9950358b1",
    "https://esm.sh/v132/@scure/bip32@1.3.2/denonext/bip32.mjs": "741bd3c4c01ad7faafb6586357ccece38267c603fbc722b7aaf16dcccea51349",
    "https://esm.sh/v132/@scure/bip39@1.2.1/denonext/bip39.mjs": "86b1af4eee436e5f90bb4848014dd4864e0cd49b2162abeae7bdde7c98c1bbd3",
    "https://esm.sh/v132/@scure/bip39@1.2.1/denonext/wordlists/english.js": "c606099d820c43e10e7c466571850947405da72f24f9b6bd859685a1610a6840",
    "https://esm.sh/v134/dexie@3.2.4/denonext/dexie.mjs": "f685622969b950b64d250903851542a2152e831c05c260c708adb344a973f591",
    "https://esm.sh/v134/style-vendorizer@2.2.3/denonext/style-vendorizer.mjs": "121455e7b04b631ef6463ce63cdcd29febd74d88c37713c774ceca8a1561c83d",
    "https://esm.sh/v134/twind@0.16.16/denonext/twind.mjs": "40481be058673fa6fc4783083af4702c02441943d787c064c495d3d280aa2b51",
    "https://esm.sh/v134/zod@3.22.4/denonext/zod.mjs": "660128af5d1e921745c4d452472d103d9f2fc5afa508bbf233b83d35a272ad67",
    "https://esm.sh/zod@3.22.4": "572aa9978b65833a8ad4b21fb18f7552764464e4cfb8c790685bb235775a50ce",
    "https://raw.githubusercontent.com/BlowaterNostr/csp/master/csp.ts": "4469313196bb1385ad38d13b72db0dbaf09a512c78d821144bc72b96c807417b"
  }
}
