{
  "version": "2",
  "remote": {
    "https://deno.land/std@0.176.0/encoding/hex.ts": "50f8c95b52eae24395d3dfcb5ec1ced37c5fe7610ef6fffdcc8b0fdc38e3b32f",
    "https://deno.land/std@0.176.0/fmt/colors.ts": "938c5d44d889fb82eff6c358bea8baa7e85950a16c9f6dae3ec3a7a729164471",
    "https://deno.land/std@0.176.0/testing/_diff.ts": "1a3c044aedf77647d6cac86b798c6417603361b66b54c53331b312caeb447aea",
    "https://deno.land/std@0.176.0/testing/_format.ts": "a69126e8a469009adf4cf2a50af889aca364c349797e63174884a52ff75cf4c7",
    "https://deno.land/std@0.176.0/testing/asserts.ts": "984ab0bfb3faeed92ffaa3a6b06536c66811185328c5dd146257c702c41b01ab",
    "https://esm.sh/preact@10.11.3": "ad3c24796c4132c84b4b392f812228d53a0fd600fa64648f27aebd05ec09b24e",
    "https://esm.sh/stable/preact@10.11.3/denonext/preact.mjs": "c828d9020ea26f07ba07b2f0a3ef97fd7ceb1c2a772c380ca05e2647ac8d3923",
    "https://esm.sh/twind@0.16.16": "7f93bf4dc6102cef9a66689807b09f6bf35cbd8dd397b550fc97525c3e71e196",
    "https://esm.sh/v106/@noble/secp256k1@1.7.1/es2022/secp256k1.js": "1aa2e03dd17ad11d97b24ef184346c689d38b3e35a3f6705ad47e248d0567dd8",
    "https://esm.sh/v118/preact@10.11.3/src/index.d.ts": "76842a9d103548261ee001f2aee5fa5cacc8b1b4b4032af537ed84603c8f4a31",
    "https://esm.sh/v118/preact@10.11.3/src/jsx.d.ts": "77ce5bd7324455c9f6dc85bfc3c94b733acb92cc98fdf82e4b1059c8bca7866d",
    "https://esm.sh/v127/csstype@3.1.2/index.d.ts": "4c68749a564a6facdf675416d75789ee5a557afda8960e0803cf6711fa569288",
    "https://esm.sh/v127/style-vendorizer@2.2.3/denonext/style-vendorizer.mjs": "121455e7b04b631ef6463ce63cdcd29febd74d88c37713c774ceca8a1561c83d",
    "https://esm.sh/v127/twind@0.16.16/denonext/twind.mjs": "b4124e8fc6c752db35c9f4bb1f4c128f00596f3408b3781e1c6eda30f5dbc0ac",
    "https://esm.sh/v127/twind@0.16.16/twind.d.ts": "f0e7236ef5a8b39dbe9cf4439dd4689c5954980c2987d00e9c94cd1a5e8923fb",
    "https://raw.githubusercontent.com/BlowaterNostr/csp/master/csp.ts": "3e8eed3d933748d48c83e2ae583bf86748621bcd6e8f181bef8a6ae8e5a4bfac",
    "https://raw.githubusercontent.com/BlowaterNostr/nostr.ts/main/ende.ts": "86fa705459ce19edc2c320a463e55f1cece3c1d415dfb36af387a433a6453da8",
    "https://raw.githubusercontent.com/BlowaterNostr/nostr.ts/main/key.ts": "12405f91cb7260775fd202bbbcbaf96052ce394d6c4e409fc38c17ae3d8bd540",
    "https://raw.githubusercontent.com/BlowaterNostr/nostr.ts/main/nostr.ts": "2dda31c5c22fba273f68ad1f747e9e5e8c3ef1e6a6bbdf0835109f514236c28b",
    "https://raw.githubusercontent.com/BlowaterNostr/nostr.ts/main/relay.ts": "dd7c16640826987b97367046c6c76adb8c2d3c4843f38480b97beb71147dc797",
    "https://raw.githubusercontent.com/BlowaterNostr/nostr.ts/main/scure.js": "fbc4be16918272bd167fff1184a7f5bbd1a676bad2a73130bb530d78df893a99",
    "https://raw.githubusercontent.com/BlowaterNostr/nostr.ts/main/websocket.ts": "d817c40d32fe45e30bfb30255287e76a977930f6709c9585772dc54e077a31ed",
    "https://unpkg.com/dexie@3.2.3/dist/modern/dexie.mjs": "63f0ed30a7ac5698fe88152899fd526ac1294067dc28283505151b436c2ee1ba"
  }
}
