{
  "version": "2",
  "remote": {
    "https://deno.land/std@0.176.0/encoding/hex.ts": "50f8c95b52eae24395d3dfcb5ec1ced37c5fe7610ef6fffdcc8b0fdc38e3b32f",
    "https://deno.land/std@0.176.0/fmt/colors.ts": "938c5d44d889fb82eff6c358bea8baa7e85950a16c9f6dae3ec3a7a729164471",
    "https://deno.land/std@0.176.0/testing/_diff.ts": "1a3c044aedf77647d6cac86b798c6417603361b66b54c53331b312caeb447aea",
    "https://deno.land/std@0.176.0/testing/_format.ts": "a69126e8a469009adf4cf2a50af889aca364c349797e63174884a52ff75cf4c7",
    "https://deno.land/std@0.176.0/testing/asserts.ts": "984ab0bfb3faeed92ffaa3a6b06536c66811185328c5dd146257c702c41b01ab",
    "https://esm.sh/preact@10.11.3": "ad3c24796c4132c84b4b392f812228d53a0fd600fa64648f27aebd05ec09b24e",
    "https://esm.sh/stable/preact@10.11.3/denonext/preact.mjs": "c828d9020ea26f07ba07b2f0a3ef97fd7ceb1c2a772c380ca05e2647ac8d3923",
    "https://esm.sh/twind@0.16.16": "b970345c75e778ac5ba6219da4c6f3057e579653e5b36c0f824d2309b56b19ba",
    "https://esm.sh/v131/style-vendorizer@2.2.3/denonext/style-vendorizer.mjs": "121455e7b04b631ef6463ce63cdcd29febd74d88c37713c774ceca8a1561c83d",
    "https://esm.sh/v131/twind@0.16.16/denonext/twind.mjs": "da59286ec21545fe326d0e04d5c92e5abf70cfcf14d6285a32fc0c4f1a6eb1d6",
    "https://raw.githubusercontent.com/BlowaterNostr/csp/master/csp.ts": "3e8eed3d933748d48c83e2ae583bf86748621bcd6e8f181bef8a6ae8e5a4bfac",
    "https://raw.githubusercontent.com/BlowaterNostr/nostr.ts/main/ende.ts": "193f96776f7e9c903093854275baed89653d0c08a1eb77272c9bea08d28ddcff",
    "https://raw.githubusercontent.com/BlowaterNostr/nostr.ts/main/key.ts": "1830bb6eded80c71aeae6a94ce921dbf09fcdf4820a3b846f8e8d9e23ce17119",
    "https://raw.githubusercontent.com/BlowaterNostr/nostr.ts/main/nip19.ts": "880aa40c85bb770703b5e85d72f29fed96f21777dc17906017c385873aedfd44",
    "https://raw.githubusercontent.com/BlowaterNostr/nostr.ts/main/nostr.ts": "0d79252b0a070a1eb2b450aed78275476bd10d73a6707885264c47f6b3f2585c",
    "https://raw.githubusercontent.com/BlowaterNostr/nostr.ts/main/relay.ts": "bda766104e25d23b526515d2b27838857b58b9e5c5d368bde68b6e83fbfda0e3",
    "https://raw.githubusercontent.com/BlowaterNostr/nostr.ts/main/scure.js": "fbc4be16918272bd167fff1184a7f5bbd1a676bad2a73130bb530d78df893a99",
    "https://raw.githubusercontent.com/BlowaterNostr/nostr.ts/main/vendor/esm.sh/v106/@noble/secp256k1@1.7.1/es2022/secp256k1.js": "69e32f6c686cc651ff2e6d4d22ed6e9b6f86b38311b405b47b2abdf3cb98eb4d",
    "https://raw.githubusercontent.com/BlowaterNostr/nostr.ts/main/websocket.ts": "d817c40d32fe45e30bfb30255287e76a977930f6709c9585772dc54e077a31ed",
    "https://unpkg.com/dexie@3.2.3/dist/modern/dexie.mjs": "63f0ed30a7ac5698fe88152899fd526ac1294067dc28283505151b436c2ee1ba"
  }
}
