{
  "version": "2",
  "remote": {
    "https://deno.land/std@0.176.0/encoding/hex.ts": "50f8c95b52eae24395d3dfcb5ec1ced37c5fe7610ef6fffdcc8b0fdc38e3b32f",
    "https://deno.land/x/automerge@2.1.0-alpha.12/conflicts.ts": "1b7cc2c3f76ffbb8c04b241e298cacdc359018951e3bbf618773197ada2a710c",
    "https://deno.land/x/automerge@2.1.0-alpha.12/constants.ts": "0653509fb262f28f85c0d97c72a787ccf2b7c5590290d7737348e8c0deae6f6a",
    "https://deno.land/x/automerge@2.1.0-alpha.12/counter.ts": "ddb72a60a55a7054353fe52ac3a605e7c31637524c08d041c7aaa74634c012f7",
    "https://deno.land/x/automerge@2.1.0-alpha.12/index.ts": "aea9bd6651d807ec932903ecb6a31b99f99738f8ec3f6b8b560856aa427293b7",
    "https://deno.land/x/automerge@2.1.0-alpha.12/internal_state.ts": "9b0070a59ffe96b31aa7a82a070d55f1ecccd7531f7dfb7dcc16ee608c2c0dd7",
    "https://deno.land/x/automerge@2.1.0-alpha.12/low_level.ts": "39f6a3490f6dd2b238b864a0700c93cf6721ceffd1db2ee7533ee23b81bc227b",
    "https://deno.land/x/automerge@2.1.0-alpha.12/next.ts": "de8fbae52f0b7d91a3d3739646954892d4d9ed6a50a62177c0a485f7a08d9990",
    "https://deno.land/x/automerge@2.1.0-alpha.12/next_types.ts": "a3c0281b02dc7ae97de12cee66d2b2915c13091073698b567da5b757b1e4babf",
    "https://deno.land/x/automerge@2.1.0-alpha.12/numbers.ts": "cfa121d8d5a1c7fcab07f0d389bb6c4a3538af8de8e23767e1c8dba9473d097a",
    "https://deno.land/x/automerge@2.1.0-alpha.12/proxies.ts": "8c569ea9ecc8e8de063669f5de1bbdbdb9b1a840163439c943a69c79ab297356",
    "https://deno.land/x/automerge@2.1.0-alpha.12/raw_string.ts": "405e3f0b2ba42141ba7d70bdba5bcff27677e6c7d9c9c1b8a8fc20853ae08961",
    "https://deno.land/x/automerge@2.1.0-alpha.12/stable.ts": "d390ee38aa6a953764c7793efc4e4e7e661f440030dd761579d641f010479735",
    "https://deno.land/x/automerge@2.1.0-alpha.12/text.ts": "59473922b49700261e1663432714925b590261d6d2fb51578167d0f455c382b1",
    "https://deno.land/x/automerge@2.1.0-alpha.12/types.ts": "d98789d8af6be00cd1aaa3fd181e6416f782a042c3e0c1d525278f98c69993b6",
    "https://deno.land/x/automerge@2.1.0-alpha.12/uuid.ts": "6e9f690e353c5ec18acef43168d0bc7b06621ab16daf5825bd4dbf4bcc588119",
    "https://deno.land/x/automerge_wasm@0.2.11/automerge_wasm.js": "a9f124f62afb9c49cdb844b15023e88a271c27764dfffba71242a07fe6bf4382",
    "https://deno.land/x/uuid@v0.1.2/mod.ts": "efc48233163b385262e5ec79662ad76f7684ad80080fc69a140c6e01e56c75d8",
    "https://deno.land/x/uuid@v0.1.2/v4.ts": "00392ef1efb815545d6b0ec5fb0260d4ed4295259abc3162766e397c47226a7b",
    "https://esm.sh/@preact/signals@1.2.1": "3784f71be94d1bc22978edc9cd0045b9dee17444c36b941909fe7ad4d1ae091a",
    "https://esm.sh/dexie@3.2.4": "5d908c1f86c55a61f0605f844f10466cd38b8130d1a9c3e2c9fb8a0c65ecf602",
    "https://esm.sh/preact@10.11.3": "ad3c24796c4132c84b4b392f812228d53a0fd600fa64648f27aebd05ec09b24e",
    "https://esm.sh/preact@10.17.1": "d9d10d95cd047fd2c26bb68e760a87d3747fafc64a1e54049095682c69c7491a",
    "https://esm.sh/stable/preact@10.11.3/denonext/preact.mjs": "c828d9020ea26f07ba07b2f0a3ef97fd7ceb1c2a772c380ca05e2647ac8d3923",
    "https://esm.sh/stable/preact@10.17.1/denonext/hooks.js": "94d145427fa80ea3b1667e694638518f15eab9523bc7db6cb99a1b88edab39bf",
    "https://esm.sh/stable/preact@10.17.1/denonext/preact.mjs": "0f2f159289b4502eea839f4b57cef910ad03d63213ac5301e6767326b060d8f6",
    "https://esm.sh/twind@0.16.16": "36d4bf5244664242e59292ef1076e4220e3dbeca933d46c1c26471927d6a9356",
    "https://esm.sh/v132/@preact/signals-core@1.4.0/denonext/signals-core.mjs": "be3db12ec548198be64192e9dd6c89de76d4cb5b363c04bb24cd4008af69aaa4",
    "https://esm.sh/v132/@preact/signals@1.2.1/denonext/signals.mjs": "cdf6874cc390541c39d3ceb55ae0b9f8909093f7acfc909510a731388db3cb4c",
    "https://esm.sh/v132/dexie@3.2.4/denonext/dexie.mjs": "f685622969b950b64d250903851542a2152e831c05c260c708adb344a973f591",
    "https://esm.sh/v132/style-vendorizer@2.2.3/denonext/style-vendorizer.mjs": "121455e7b04b631ef6463ce63cdcd29febd74d88c37713c774ceca8a1561c83d",
    "https://esm.sh/v132/twind@0.16.16/denonext/twind.mjs": "339383caa7e65e597b8bb7a9dd2a79af80ae15be47632f21394ee4fc35ffd6a8",
    "https://esm.sh/v132/zod@3.22.4/denonext/zod.mjs": "660128af5d1e921745c4d452472d103d9f2fc5afa508bbf233b83d35a272ad67",
    "https://esm.sh/zod@3.22.4": "9292a404d211f03ac26c923ef59a556ab6ce37ec148fbfa90bf81db7dc4621a9",
    "https://raw.githubusercontent.com/BlowaterNostr/csp/master/csp.ts": "3e8eed3d933748d48c83e2ae583bf86748621bcd6e8f181bef8a6ae8e5a4bfac"
  }
}
